{
  "pins" : [
    {
      "identity" : "chromacolorpicker",
      "kind" : "remoteSourceControl",
      "location" : "https://github.com/joncardasis/ChromaColorPicker",
      "state" : {
        "branch" : "master",
        "revision" : "4fa7a0b3cb779d97b771a5bf0de8927d6a37153f"
      }
    },
    {
      "identity" : "mobile-buy-sdk-ios",
      "kind" : "remoteSourceControl",
      "location" : "git@github.com:Shopify/mobile-buy-sdk-ios.git",
      "state" : {
        "revision" : "14cb49618c88024ca531f7bd4425554ab180f89e",
        "version" : "6.2.0"
      }
    }
  ],
  "version" : 2
}
